
Microsoft Visual Studio Solution File, Format Version 12.00
# Visual Studio Version 16
VisualStudioVersion = 16.0.34601.136
MinimumVisualStudioVersion = 10.0.40219.1
Project("{FAE04EC0-301F-11D3-BF4B-00C04F79EFBC}") = "SalesWebMvc", "SalesWebMvc\SalesWebMvc.csproj", "{77D6B7A4-96CD-4B25-9773-B96AA492E631}"
EndProject
Global
	GlobalSection(SolutionConfigurationPlatforms) = preSolution
		Debug|Any CPU = Debug|Any CPU
		Release|Any CPU = Release|Any CPU
	EndGlobalSection
	GlobalSection(ProjectConfigurationPlatforms) = postSolution
		{77D6B7A4-96CD-4B25-9773-B96AA492E631}.Debug|Any CPU.ActiveCfg = Debug|Any CPU
		{77D6B7A4-96CD-4B25-9773-B96AA492E631}.Debug|Any CPU.Build.0 = Debug|Any CPU
		{77D6B7A4-96CD-4B25-9773-B96AA492E631}.Release|Any CPU.ActiveCfg = Release|Any CPU
		{77D6B7A4-96CD-4B25-9773-B96AA492E631}.Release|Any CPU.Build.0 = Release|Any CPU
	EndGlobalSection
	GlobalSection(SolutionProperties) = preSolution
		HideSolutionNode = FALSE
	EndGlobalSection
	GlobalSection(ExtensibilityGlobals) = postSolution
		SolutionGuid = {43B9F4E2-B6C0-4E63-84DC-36EFB9ECBA3C}
	EndGlobalSection
EndGlobal
